
Microsoft Visual Studio Solution File, Format Version 12.00
# Visual Studio Version 16
VisualStudioVersion = 16.0.30413.136
MinimumVisualStudioVersion = 10.0.40219.1
Project("{FAE04EC0-301F-11D3-BF4B-00C04F79EFBC}") = "TSI.AppWindows", "TSISolution\TSI.AppWindows.csproj", "{4C95F8DC-884C-4C65-A538-502647D27C1F}"
EndProject
Project("{2150E333-8FDC-42A3-9474-1A3956D46DE8}") = "WF", "WF", "{F8E48414-1D41-4A16-A388-DC0097D3BC3A}"
EndProject
Project("{FAE04EC0-301F-11D3-BF4B-00C04F79EFBC}") = "TSI.Data", "TSI.Data\TSI.Data.csproj", "{900DEA18-DF41-4941-8968-D8BFB7A826E6}"
EndProject
Project("{FAE04EC0-301F-11D3-BF4B-00C04F79EFBC}") = "TSI.Model", "TSI.Model\TSI.Model.csproj", "{212B46A0-D3BF-431E-908F-F34DC6941C4E}"
EndProject
Project("{FAE04EC0-301F-11D3-BF4B-00C04F79EFBC}") = "TSI.Services", "TSI.Services\TSI.Services.csproj", "{CD5A5F5A-49CE-4B1D-9B68-646D3BC670A7}"
EndProject
Project("{FAE04EC0-301F-11D3-BF4B-00C04F79EFBC}") = "TSI.Utils", "TSI.Utils\TSI.Utils.csproj", "{35361F70-14D6-488F-97A5-B0785973AAB2}"
EndProject
Project("{2150E333-8FDC-42A3-9474-1A3956D46DE8}") = "Library", "Library", "{12969FB8-C472-4677-BF75-ECC03113E128}"
EndProject
Project("{2150E333-8FDC-42A3-9474-1A3956D46DE8}") = "WA", "WA", "{60009FDE-8F2F-47E6-A42F-073314043C82}"
EndProject
Project("{FAE04EC0-301F-11D3-BF4B-00C04F79EFBC}") = "TSI.WebTest", "TSI.WebTest\TSI.WebTest.csproj", "{C7D8A931-4095-434E-BCDF-FA8907BAB27B}"
EndProject
Global
	GlobalSection(SolutionConfigurationPlatforms) = preSolution
		Debug|Any CPU = Debug|Any CPU
		Release|Any CPU = Release|Any CPU
	EndGlobalSection
	GlobalSection(ProjectConfigurationPlatforms) = postSolution
		{4C95F8DC-884C-4C65-A538-502647D27C1F}.Debug|Any CPU.ActiveCfg = Debug|Any CPU
		{4C95F8DC-884C-4C65-A538-502647D27C1F}.Debug|Any CPU.Build.0 = Debug|Any CPU
		{4C95F8DC-884C-4C65-A538-502647D27C1F}.Release|Any CPU.ActiveCfg = Release|Any CPU
		{4C95F8DC-884C-4C65-A538-502647D27C1F}.Release|Any CPU.Build.0 = Release|Any CPU
		{900DEA18-DF41-4941-8968-D8BFB7A826E6}.Debug|Any CPU.ActiveCfg = Debug|Any CPU
		{900DEA18-DF41-4941-8968-D8BFB7A826E6}.Debug|Any CPU.Build.0 = Debug|Any CPU
		{900DEA18-DF41-4941-8968-D8BFB7A826E6}.Release|Any CPU.ActiveCfg = Release|Any CPU
		{900DEA18-DF41-4941-8968-D8BFB7A826E6}.Release|Any CPU.Build.0 = Release|Any CPU
		{212B46A0-D3BF-431E-908F-F34DC6941C4E}.Debug|Any CPU.ActiveCfg = Debug|Any CPU
		{212B46A0-D3BF-431E-908F-F34DC6941C4E}.Debug|Any CPU.Build.0 = Debug|Any CPU
		{212B46A0-D3BF-431E-908F-F34DC6941C4E}.Release|Any CPU.ActiveCfg = Release|Any CPU
		{212B46A0-D3BF-431E-908F-F34DC6941C4E}.Release|Any CPU.Build.0 = Release|Any CPU
		{CD5A5F5A-49CE-4B1D-9B68-646D3BC670A7}.Debug|Any CPU.ActiveCfg = Debug|Any CPU
		{CD5A5F5A-49CE-4B1D-9B68-646D3BC670A7}.Debug|Any CPU.Build.0 = Debug|Any CPU
		{CD5A5F5A-49CE-4B1D-9B68-646D3BC670A7}.Release|Any CPU.ActiveCfg = Release|Any CPU
		{CD5A5F5A-49CE-4B1D-9B68-646D3BC670A7}.Release|Any CPU.Build.0 = Release|Any CPU
		{35361F70-14D6-488F-97A5-B0785973AAB2}.Debug|Any CPU.ActiveCfg = Debug|Any CPU
		{35361F70-14D6-488F-97A5-B0785973AAB2}.Debug|Any CPU.Build.0 = Debug|Any CPU
		{35361F70-14D6-488F-97A5-B0785973AAB2}.Release|Any CPU.ActiveCfg = Release|Any CPU
		{35361F70-14D6-488F-97A5-B0785973AAB2}.Release|Any CPU.Build.0 = Release|Any CPU
		{C7D8A931-4095-434E-BCDF-FA8907BAB27B}.Debug|Any CPU.ActiveCfg = Debug|Any CPU
		{C7D8A931-4095-434E-BCDF-FA8907BAB27B}.Debug|Any CPU.Build.0 = Debug|Any CPU
		{C7D8A931-4095-434E-BCDF-FA8907BAB27B}.Release|Any CPU.ActiveCfg = Release|Any CPU
		{C7D8A931-4095-434E-BCDF-FA8907BAB27B}.Release|Any CPU.Build.0 = Release|Any CPU
	EndGlobalSection
	GlobalSection(SolutionProperties) = preSolution
		HideSolutionNode = FALSE
	EndGlobalSection
	GlobalSection(NestedProjects) = preSolution
		{4C95F8DC-884C-4C65-A538-502647D27C1F} = {F8E48414-1D41-4A16-A388-DC0097D3BC3A}
		{900DEA18-DF41-4941-8968-D8BFB7A826E6} = {12969FB8-C472-4677-BF75-ECC03113E128}
		{212B46A0-D3BF-431E-908F-F34DC6941C4E} = {12969FB8-C472-4677-BF75-ECC03113E128}
		{CD5A5F5A-49CE-4B1D-9B68-646D3BC670A7} = {12969FB8-C472-4677-BF75-ECC03113E128}
		{35361F70-14D6-488F-97A5-B0785973AAB2} = {12969FB8-C472-4677-BF75-ECC03113E128}
		{C7D8A931-4095-434E-BCDF-FA8907BAB27B} = {60009FDE-8F2F-47E6-A42F-073314043C82}
	EndGlobalSection
	GlobalSection(ExtensibilityGlobals) = postSolution
		SolutionGuid = {FE74B0FF-12FA-43D8-8C59-3D1826866DDA}
	EndGlobalSection
EndGlobal
